<Solution>
  <Folder Name="/Solution files/">
    <File Path=".gitignore" />
    <File Path="README.md" />
    <File Path="RELEASE.md" />
    <File Path="umbraco-marketplace-umbraco.community.umbradesktop.json" />
    <File Path="umbraco-marketplace-umbraco.community.umbradesktop.entertainment.json" />
    <File Path="umbraco-marketplace-umbraco.community.umbradesktop.accessories.json" />
    <File Path="umbraco-marketplace-umbraco.community.umbradesktop.multimedia.json" />
  </Folder>
  <Folder Name="/Solution files/.github/">
    <File Path=".github/copilot-instructions.md" />
  </Folder>
  <Project Path="src/Umbraco.Community.UmbraDesktop.TestInstance/Umbraco.Community.UmbraDesktop.TestInstance.csproj" Id="c63e1796-4f4f-45d3-8ce8-53595441aec1" />
  <Project Path="src/Umbraco.Community.UmbraDesktop/Umbraco.Community.UmbraDesktop.csproj" />
  <Project Path="src/Umbraco.Community.UmbraDesktop.Tests/Umbraco.Community.UmbraDesktop.Tests.csproj" />
  <Project Path="src/Umbraco.Community.UmbraDesktop.Entertainment/Umbraco.Community.UmbraDesktop.Entertainment.csproj" />
  <Project Path="src/Umbraco.Community.UmbraDesktop.Accessories/Umbraco.Community.UmbraDesktop.Accessories.csproj" />
  <Project Path="src/Umbraco.Community.UmbraDesktop.Accessories.Tests/Umbraco.Community.UmbraDesktop.Accessories.Tests.csproj" />
  <Project Path="src/Umbraco.Community.UmbraDesktop.Multimedia/Umbraco.Community.UmbraDesktop.Multimedia.csproj" />
  <Project Path="src/Umbraco.Community.UmbraDesktop.Multimedia.Tests/Umbraco.Community.UmbraDesktop.Multimedia.Tests.csproj" />
</Solution>
